
Microsoft Visual Studio Solution File, Format Version 12.00
# Visual Studio Version 16
VisualStudioVersion = 16.0.29001.49
MinimumVisualStudioVersion = 10.0.40219.1
Project("{FAE04EC0-301F-11D3-BF4B-00C04F79EFBC}") = "Biorhytmus", "Biorhytmus\Biorhytmus.csproj", "{BD3C2EB8-DD90-4ED8-9773-F696ADB65944}"
EndProject
Global
	GlobalSection(SolutionConfigurationPlatforms) = preSolution
		Debug|Any CPU = Debug|Any CPU
		Release|Any CPU = Release|Any CPU
	EndGlobalSection
	GlobalSection(ProjectConfigurationPlatforms) = postSolution
		{BD3C2EB8-DD90-4ED8-9773-F696ADB65944}.Debug|Any CPU.ActiveCfg = Debug|Any CPU
		{BD3C2EB8-DD90-4ED8-9773-F696ADB65944}.Debug|Any CPU.Build.0 = Debug|Any CPU
		{BD3C2EB8-DD90-4ED8-9773-F696ADB65944}.Release|Any CPU.ActiveCfg = Release|Any CPU
		{BD3C2EB8-DD90-4ED8-9773-F696ADB65944}.Release|Any CPU.Build.0 = Release|Any CPU
	EndGlobalSection
	GlobalSection(SolutionProperties) = preSolution
		HideSolutionNode = FALSE
	EndGlobalSection
	GlobalSection(ExtensibilityGlobals) = postSolution
		SolutionGuid = {818EB822-72C6-4271-BEED-708D1D678EF7}
	EndGlobalSection
EndGlobal
